// !$*UTF8*$!
{
	archiveVersion = 1;
	classes = {
	};
	objectVersion = 48;
	objects = {

/* Begin PBXBuildFile section */
		2792C3CE759AB804570E311E /* libPods-TextApp.a in Frameworks */ = {isa = PBXBuildFile; fileRef = 503FAF408C7E97B8C3331441 /* libPods-TextApp.a */; };
		E9BE84F41F7B4390002FBDAB /* JLCycleBannerView.m in Sources */ = {isa = PBXBuildFile; fileRef = E9BE84F31F7B4390002FBDAB /* JLCycleBannerView.m */; };
		E9BE84F71F7B4D92002FBDAB /* JCCycleBannerCell.m in Sources */ = {isa = PBXBuildFile; fileRef = E9BE84F61F7B4D92002FBDAB /* JCCycleBannerCell.m */; };
		E9BE84FA1F7B8EA8002FBDAB /* 1.png in Resources */ = {isa = PBXBuildFile; fileRef = E9BE84F81F7B8817002FBDAB /* 1.png */; };
		E9BE84FB1F7B8EA8002FBDAB /* 2.png in Resources */ = {isa = PBXBuildFile; fileRef = E9BE84F91F7B8D4B002FBDAB /* 2.png */; };
		E9BE84FE1F7CBF35002FBDAB /* JCCycleLayout.m in Sources */ = {isa = PBXBuildFile; fileRef = E9BE84FD1F7CBF35002FBDAB /* JCCycleLayout.m */; };
		E9E8B0931F7A373500350FEB /* AppDelegate.m in Sources */ = {isa = PBXBuildFile; fileRef = E9E8B0921F7A373500350FEB /* AppDelegate.m */; };
		E9E8B0961F7A373500350FEB /* ViewController.m in Sources */ = {isa = PBXBuildFile; fileRef = E9E8B0951F7A373500350FEB /* ViewController.m */; };
		E9E8B0991F7A373500350FEB /* Main.storyboard in Resources */ = {isa = PBXBuildFile; fileRef = E9E8B0971F7A373500350FEB /* Main.storyboard */; };
		E9E8B09B1F7A373500350FEB /* Assets.xcassets in Resources */ = {isa = PBXBuildFile; fileRef = E9E8B09A1F7A373500350FEB /* Assets.xcassets */; };
		E9E8B09E1F7A373500350FEB /* LaunchScreen.storyboard in Resources */ = {isa = PBXBuildFile; fileRef = E9E8B09C1F7A373500350FEB /* LaunchScreen.storyboard */; };
		E9E8B0A11F7A373500350FEB /* main.m in Sources */ = {isa = PBXBuildFile; fileRef = E9E8B0A01F7A373500350FEB /* main.m */; };
		E9E8B0AB1F7A373500350FEB /* TextAppTests.m in Sources */ = {isa = PBXBuildFile; fileRef = E9E8B0AA1F7A373500350FEB /* TextAppTests.m */; };
		E9E8B0B61F7A373500350FEB /* TextAppUITests.m in Sources */ = {isa = PBXBuildFile; fileRef = E9E8B0B51F7A373500350FEB /* TextAppUITests.m */; };
/* End PBXBuildFile section */

/* Begin PBXContainerItemProxy section */
		E9E8B0A71F7A373500350FEB /* PBXContainerItemProxy */ = {
			isa = PBXContainerItemProxy;
			containerPortal = E9E8B0861F7A373500350FEB /* Project object */;
			proxyType = 1;
			remoteGlobalIDString = E9E8B08D1F7A373500350FEB;
			remoteInfo = TextApp;
		};
		E9E8B0B21F7A373500350FEB /* PBXContainerItemProxy */ = {
			isa = PBXContainerItemProxy;
			containerPortal = E9E8B0861F7A373500350FEB /* Project object */;
			proxyType = 1;
			remoteGlobalIDString = E9E8B08D1F7A373500350FEB;
			remoteInfo = TextApp;
		};
/* End PBXContainerItemProxy section */

/* Begin PBXFileReference section */
		503FAF408C7E97B8C3331441 /* libPods-TextApp.a */ = {isa = PBXFileReference; explicitFileType = archive.ar; includeInIndex = 0; path = "libPods-TextApp.a"; sourceTree = BUILT_PRODUCTS_DIR; };
		59C4AD091697F47C5402B250 /* Pods-TextApp.release.xcconfig */ = {isa = PBXFileReference; includeInIndex = 1; lastKnownFileType = text.xcconfig; name = "Pods-TextApp.release.xcconfig"; path = "Pods/Target Support Files/Pods-TextApp/Pods-TextApp.release.xcconfig"; sourceTree = "<group>"; };
		C5CA56571BAE2F2E67ED160B /* Pods-TextApp.debug.xcconfig */ = {isa = PBXFileReference; includeInIndex = 1; lastKnownFileType = text.xcconfig; name = "Pods-TextApp.debug.xcconfig"; path = "Pods/Target Support Files/Pods-TextApp/Pods-TextApp.debug.xcconfig"; sourceTree = "<group>"; };
		E9BE84F21F7B4390002FBDAB /* JLCycleBannerView.h */ = {isa = PBXFileReference; lastKnownFileType = sourcecode.c.h; path = JLCycleBannerView.h; sourceTree = "<group>"; };
		E9BE84F31F7B4390002FBDAB /* JLCycleBannerView.m */ = {isa = PBXFileReference; lastKnownFileType = sourcecode.c.objc; path = JLCycleBannerView.m; sourceTree = "<group>"; };
		E9BE84F51F7B4D92002FBDAB /* JCCycleBannerCell.h */ = {isa = PBXFileReference; lastKnownFileType = sourcecode.c.h; path = JCCycleBannerCell.h; sourceTree = "<group>"; };
		E9BE84F61F7B4D92002FBDAB /* JCCycleBannerCell.m */ = {isa = PBXFileReference; lastKnownFileType = sourcecode.c.objc; path = JCCycleBannerCell.m; sourceTree = "<group>"; };
		E9BE84F81F7B8817002FBDAB /* 1.png */ = {isa = PBXFileReference; lastKnownFileType = image.png; path = 1.png; sourceTree = "<group>"; };
		E9BE84F91F7B8D4B002FBDAB /* 2.png */ = {isa = PBXFileReference; lastKnownFileType = image.png; path = 2.png; sourceTree = "<group>"; };
		E9BE84FC1F7CBF35002FBDAB /* JCCycleLayout.h */ = {isa = PBXFileReference; lastKnownFileType = sourcecode.c.h; path = JCCycleLayout.h; sourceTree = "<group>"; };
		E9BE84FD1F7CBF35002FBDAB /* JCCycleLayout.m */ = {isa = PBXFileReference; lastKnownFileType = sourcecode.c.objc; path = JCCycleLayout.m; sourceTree = "<group>"; };
		E9E8B08E1F7A373500350FEB /* TextApp.app */ = {isa = PBXFileReference; explicitFileType = wrapper.application; includeInIndex = 0; path = TextApp.app; sourceTree = BUILT_PRODUCTS_DIR; };
		E9E8B0911F7A373500350FEB /* AppDelegate.h */ = {isa = PBXFileReference; lastKnownFileType = sourcecode.c.h; path = AppDelegate.h; sourceTree = "<group>"; };
		E9E8B0921F7A373500350FEB /* AppDelegate.m */ = {isa = PBXFileReference; lastKnownFileType = sourcecode.c.objc; path = AppDelegate.m; sourceTree = "<group>"; };
		E9E8B0941F7A373500350FEB /* ViewController.h */ = {isa = PBXFileReference; lastKnownFileType = sourcecode.c.h; path = ViewController.h; sourceTree = "<group>"; };
		E9E8B0951F7A373500350FEB /* ViewController.m */ = {isa = PBXFileReference; lastKnownFileType = sourcecode.c.objc; path = ViewController.m; sourceTree = "<group>"; };
		E9E8B0981F7A373500350FEB /* Base */ = {isa = PBXFileReference; lastKnownFileType = file.storyboard; name = Base; path = Base.lproj/Main.storyboard; sourceTree = "<group>"; };
		E9E8B09A1F7A373500350FEB /* Assets.xcassets */ = {isa = PBXFileReference; lastKnownFileType = folder.assetcatalog; path = Assets.xcassets; sourceTree = "<group>"; };
		E9E8B09D1F7A373500350FEB /* Base */ = {isa = PBXFileReference; lastKnownFileType = file.storyboard; name = Base; path = Base.lproj/LaunchScreen.storyboard; sourceTree = "<group>"; };
		E9E8B09F1F7A373500350FEB /* Info.plist */ = {isa = PBXFileReference; lastKnownFileType = text.plist.xml; path = Info.plist; sourceTree = "<group>"; };
		E9E8B0A01F7A373500350FEB /* main.m */ = {isa = PBXFileReference; lastKnownFileType = sourcecode.c.objc; path = main.m; sourceTree = "<group>"; };
		E9E8B0A61F7A373500350FEB /* TextAppTests.xctest */ = {isa = PBXFileReference; explicitFileType = wrapper.cfbundle; includeInIndex = 0; path = TextAppTests.xctest; sourceTree = BUILT_PRODUCTS_DIR; };
		E9E8B0AA1F7A373500350FEB /* TextAppTests.m */ = {isa = PBXFileReference; lastKnownFileType = sourcecode.c.objc; path = TextAppTests.m; sourceTree = "<group>"; };
		E9E8B0AC1F7A373500350FEB /* Info.plist */ = {isa = PBXFileReference; lastKnownFileType = text.plist.xml; path = Info.plist; sourceTree = "<group>"; };
		E9E8B0B11F7A373500350FEB /* TextAppUITests.xctest */ = {isa = PBXFileReference; explicitFileType = wrapper.cfbundle; includeInIndex = 0; path = TextAppUITests.xctest; sourceTree = BUILT_PRODUCTS_DIR; };
		E9E8B0B51F7A373500350FEB /* TextAppUITests.m */ = {isa = PBXFileReference; lastKnownFileType = sourcecode.c.objc; path = TextAppUITests.m; sourceTree = "<group>"; };
		E9E8B0B71F7A373500350FEB /* Info.plist */ = {isa = PBXFileReference; lastKnownFileType = text.plist.xml; path = Info.plist; sourceTree = "<group>"; };
/* End PBXFileReference section */

/* Begin PBXFrameworksBuildPhase section */
		E9E8B08B1F7A373500350FEB /* Frameworks */ = {
			isa = PBXFrameworksBuildPhase;
			buildActionMask = 2147483647;
			files = (
				2792C3CE759AB804570E311E /* libPods-TextApp.a in Frameworks */,
			);
			runOnlyForDeploymentPostprocessing = 0;
		};
		E9E8B0A31F7A373500350FEB /* Frameworks */ = {
			isa = PBXFrameworksBuildPhase;
			buildActionMask = 2147483647;
			files = (
			);
			runOnlyForDeploymentPostprocessing = 0;
		};
		E9E8B0AE1F7A373500350FEB /* Frameworks */ = {
			isa = PBXFrameworksBuildPhase;
			buildActionMask = 2147483647;
			files = (
			);
			runOnlyForDeploymentPostprocessing = 0;
		};
/* End PBXFrameworksBuildPhase section */

/* Begin PBXGroup section */
		70AACE001901522528930397 /* Pods */ = {
			isa = PBXGroup;
			children = (
				C5CA56571BAE2F2E67ED160B /* Pods-TextApp.debug.xcconfig */,
				59C4AD091697F47C5402B250 /* Pods-TextApp.release.xcconfig */,
			);
			name = Pods;
			sourceTree = "<group>";
		};
		CB17D3C8C42C7188E3F87D6A /* Frameworks */ = {
			isa = PBXGroup;
			children = (
				503FAF408C7E97B8C3331441 /* libPods-TextApp.a */,
			);
			name = Frameworks;
			sourceTree = "<group>";
		};
		E9E8B0851F7A373500350FEB = {
			isa = PBXGroup;
			children = (
				E9E8B0901F7A373500350FEB /* TextApp */,
				E9E8B0A91F7A373500350FEB /* TextAppTests */,
				E9E8B0B41F7A373500350FEB /* TextAppUITests */,
				E9E8B08F1F7A373500350FEB /* Products */,
				70AACE001901522528930397 /* Pods */,
				CB17D3C8C42C7188E3F87D6A /* Frameworks */,
			);
			sourceTree = "<group>";
		};
		E9E8B08F1F7A373500350FEB /* Products */ = {
			isa = PBXGroup;
			children = (
				E9E8B08E1F7A373500350FEB /* TextApp.app */,
				E9E8B0A61F7A373500350FEB /* TextAppTests.xctest */,
				E9E8B0B11F7A373500350FEB /* TextAppUITests.xctest */,
			);
			name = Products;
			sourceTree = "<group>";
		};
		E9E8B0901F7A373500350FEB /* TextApp */ = {
			isa = PBXGroup;
			children = (
				E9E8B0911F7A373500350FEB /* AppDelegate.h */,
				E9E8B0921F7A373500350FEB /* AppDelegate.m */,
				E9E8B0941F7A373500350FEB /* ViewController.h */,
				E9E8B0951F7A373500350FEB /* ViewController.m */,
				E9BE84F21F7B4390002FBDAB /* JLCycleBannerView.h */,
				E9BE84F31F7B4390002FBDAB /* JLCycleBannerView.m */,
				E9BE84F51F7B4D92002FBDAB /* JCCycleBannerCell.h */,
				E9BE84F61F7B4D92002FBDAB /* JCCycleBannerCell.m */,
				E9BE84FC1F7CBF35002FBDAB /* JCCycleLayout.h */,
				E9BE84FD1F7CBF35002FBDAB /* JCCycleLayout.m */,
				E9E8B0971F7A373500350FEB /* Main.storyboard */,
				E9E8B09A1F7A373500350FEB /* Assets.xcassets */,
				E9E8B09C1F7A373500350FEB /* LaunchScreen.storyboard */,
				E9E8B09F1F7A373500350FEB /* Info.plist */,
				E9E8B0A01F7A373500350FEB /* main.m */,
				E9BE84F81F7B8817002FBDAB /* 1.png */,
				E9BE84F91F7B8D4B002FBDAB /* 2.png */,
			);
			path = TextApp;
			sourceTree = "<group>";
		};
		E9E8B0A91F7A373500350FEB /* TextAppTests */ = {
			isa = PBXGroup;
			children = (
				E9E8B0AA1F7A373500350FEB /* TextAppTests.m */,
				E9E8B0AC1F7A373500350FEB /* Info.plist */,
			);
			path = TextAppTests;
			sourceTree = "<group>";
		};
		E9E8B0B41F7A373500350FEB /* TextAppUITests */ = {
			isa = PBXGroup;
			children = (
				E9E8B0B51F7A373500350FEB /* TextAppUITests.m */,
				E9E8B0B71F7A373500350FEB /* Info.plist */,
			);
			path = TextAppUITests;
			sourceTree = "<group>";
		};
/* End PBXGroup section */

/* Begin PBXNativeTarget section */
		E9E8B08D1F7A373500350FEB /* TextApp */ = {
			isa = PBXNativeTarget;
			buildConfigurationList = E9E8B0BA1F7A373500350FEB /* Build configuration list for PBXNativeTarget "TextApp" */;
			buildPhases = (
				057487AE3C5FD08FA0174A7D /* [CP] Check Pods Manifest.lock */,
				E9E8B08A1F7A373500350FEB /* Sources */,
				E9E8B08B1F7A373500350FEB /* Frameworks */,
				E9E8B08C1F7A373500350FEB /* Resources */,
				41FA62B74BAE9089E9A7DA13 /* [CP] Embed Pods Frameworks */,
				BB3BBBF93E41AC815F2DD098 /* [CP] Copy Pods Resources */,
			);
			buildRules = (
			);
			dependencies = (
			);
			name = TextApp;
			productName = TextApp;
			productReference = E9E8B08E1F7A373500350FEB /* TextApp.app */;
			productType = "com.apple.product-type.application";
		};
		E9E8B0A51F7A373500350FEB /* TextAppTests */ = {
			isa = PBXNativeTarget;
			buildConfigurationList = E9E8B0BD1F7A373500350FEB /* Build configuration list for PBXNativeTarget "TextAppTests" */;
			buildPhases = (
				E9E8B0A21F7A373500350FEB /* Sources */,
				E9E8B0A31F7A373500350FEB /* Frameworks */,
				E9E8B0A41F7A373500350FEB /* Resources */,
			);
			buildRules = (
			);
			dependencies = (
				E9E8B0A81F7A373500350FEB /* PBXTargetDependency */,
			);
			name = TextAppTests;
			productName = TextAppTests;
			productReference = E9E8B0A61F7A373500350FEB /* TextAppTests.xctest */;
			productType = "com.apple.product-type.bundle.unit-test";
		};
		E9E8B0B01F7A373500350FEB /* TextAppUITests */ = {
			isa = PBXNativeTarget;
			buildConfigurationList = E9E8B0C01F7A373500350FEB /* Build configuration list for PBXNativeTarget "TextAppUITests" */;
			buildPhases = (
				E9E8B0AD1F7A373500350FEB /* Sources */,
				E9E8B0AE1F7A373500350FEB /* Frameworks */,
				E9E8B0AF1F7A373500350FEB /* Resources */,
			);
			buildRules = (
			);
			dependencies = (
				E9E8B0B31F7A373500350FEB /* PBXTargetDependency */,
			);
			name = TextAppUITests;
			productName = TextAppUITests;
			productReference = E9E8B0B11F7A373500350FEB /* TextAppUITests.xctest */;
			productType = "com.apple.product-type.bundle.ui-testing";
		};
/* End PBXNativeTarget section */

/* Begin PBXProject section */
		E9E8B0861F7A373500350FEB /* Project object */ = {
			isa = PBXProject;
			attributes = {
				LastUpgradeCheck = 0900;
				ORGANIZATIONNAME = lx;
				TargetAttributes = {
					E9E8B08D1F7A373500350FEB = {
						CreatedOnToolsVersion = 9.0;
						ProvisioningStyle = Automatic;
					};
					E9E8B0A51F7A373500350FEB = {
						CreatedOnToolsVersion = 9.0;
						ProvisioningStyle = Automatic;
						TestTargetID = E9E8B08D1F7A373500350FEB;
					};
					E9E8B0B01F7A373500350FEB = {
						CreatedOnToolsVersion = 9.0;
						ProvisioningStyle = Automatic;
						TestTargetID = E9E8B08D1F7A373500350FEB;
					};
				};
			};
			buildConfigurationList = E9E8B0891F7A373500350FEB /* Build configuration list for PBXProject "TextApp" */;
			compatibilityVersion = "Xcode 8.0";
			developmentRegion = en;
			hasScannedForEncodings = 0;
			knownRegions = (
				en,
				Base,
			);
			mainGroup = E9E8B0851F7A373500350FEB;
			productRefGroup = E9E8B08F1F7A373500350FEB /* Products */;
			projectDirPath = "";
			projectRoot = "";
			targets = (
				E9E8B08D1F7A373500350FEB /* TextApp */,
				E9E8B0A51F7A373500350FEB /* TextAppTests */,
				E9E8B0B01F7A373500350FEB /* TextAppUITests */,
			);
		};
/* End PBXProject section */

/* Begin PBXResourcesBuildPhase section */
		E9E8B08C1F7A373500350FEB /* Resources */ = {
			isa = PBXResourcesBuildPhase;
			buildActionMask = 2147483647;
			files = (
				E9BE84FA1F7B8EA8002FBDAB /* 1.png in Resources */,
				E9BE84FB1F7B8EA8002FBDAB /* 2.png in Resources */,
				E9E8B09E1F7A373500350FEB /* LaunchScreen.storyboard in Resources */,
				E9E8B09B1F7A373500350FEB /* Assets.xcassets in Resources */,
				E9E8B0991F7A373500350FEB /* Main.storyboard in Resources */,
			);
			runOnlyForDeploymentPostprocessing = 0;
		};
		E9E8B0A41F7A373500350FEB /* Resources */ = {
			isa = PBXResourcesBuildPhase;
			buildActionMask = 2147483647;
			files = (
			);
			runOnlyForDeploymentPostprocessing = 0;
		};
		E9E8B0AF1F7A373500350FEB /* Resources */ = {
			isa = PBXResourcesBuildPhase;
			buildActionMask = 2147483647;
			files = (
			);
			runOnlyForDeploymentPostprocessing = 0;
		};
/* End PBXResourcesBuildPhase section */

/* Begin PBXShellScriptBuildPhase section */
		057487AE3C5FD08FA0174A7D /* [CP] Check Pods Manifest.lock */ = {
			isa = PBXShellScriptBuildPhase;
			buildActionMask = 2147483647;
			files = (
			);
			inputPaths = (
				"${PODS_PODFILE_DIR_PATH}/Podfile.lock",
				"${PODS_ROOT}/Manifest.lock",
			);
			name = "[CP] Check Pods Manifest.lock";
			outputPaths = (
				"$(DERIVED_FILE_DIR)/Pods-TextApp-checkManifestLockResult.txt",
			);
			runOnlyForDeploymentPostprocessing = 0;
			shellPath = /bin/sh;
			shellScript = "diff \"${PODS_PODFILE_DIR_PATH}/Podfile.lock\" \"${PODS_ROOT}/Manifest.lock\" > /dev/null\nif [ $? != 0 ] ; then\n    # print error to STDERR\n    echo \"error: The sandbox is not in sync with the Podfile.lock. Run 'pod install' or update your CocoaPods installation.\" >&2\n    exit 1\nfi\n# This output is used by Xcode 'outputs' to avoid re-running this script phase.\necho \"SUCCESS\" > \"${SCRIPT_OUTPUT_FILE_0}\"\n";
			showEnvVarsInLog = 0;
		};
		41FA62B74BAE9089E9A7DA13 /* [CP] Embed Pods Frameworks */ = {
			isa = PBXShellScriptBuildPhase;
			buildActionMask = 2147483647;
			files = (
			);
			inputPaths = (
			);
			name = "[CP] Embed Pods Frameworks";
			outputPaths = (
			);
			runOnlyForDeploymentPostprocessing = 0;
			shellPath = /bin/sh;
			shellScript = "\"${SRCROOT}/Pods/Target Support Files/Pods-TextApp/Pods-TextApp-frameworks.sh\"\n";
			showEnvVarsInLog = 0;
		};
		BB3BBBF93E41AC815F2DD098 /* [CP] Copy Pods Resources */ = {
			isa = PBXShellScriptBuildPhase;
			buildActionMask = 2147483647;
			files = (
			);
			inputPaths = (
				"${SRCROOT}/Pods/Target Support Files/Pods-TextApp/Pods-TextApp-resources.sh",
				"${PODS_ROOT}/MJRefresh/MJRefresh/MJRefresh.bundle",
			);
			name = "[CP] Copy Pods Resources";
			outputPaths = (
				"${TARGET_BUILD_DIR}/${UNLOCALIZED_RESOURCES_FOLDER_PATH}",
			);
			runOnlyForDeploymentPostprocessing = 0;
			shellPath = /bin/sh;
			shellScript = "\"${SRCROOT}/Pods/Target Support Files/Pods-TextApp/Pods-TextApp-resources.sh\"\n";
			showEnvVarsInLog = 0;
		};
/* End PBXShellScriptBuildPhase section */

/* Begin PBXSourcesBuildPhase section */
		E9E8B08A1F7A373500350FEB /* Sources */ = {
			isa = PBXSourcesBuildPhase;
			buildActionMask = 2147483647;
			files = (
				E9E8B0961F7A373500350FEB /* ViewController.m in Sources */,
				E9BE84FE1F7CBF35002FBDAB /* JCCycleLayout.m in Sources */,
				E9BE84F41F7B4390002FBDAB /* JLCycleBannerView.m in Sources */,
				E9E8B0A11F7A373500350FEB /* main.m in Sources */,
				E9E8B0931F7A373500350FEB /* AppDelegate.m in Sources */,
				E9BE84F71F7B4D92002FBDAB /* JCCycleBannerCell.m in Sources */,
			);
			runOnlyForDeploymentPostprocessing = 0;
		};
		E9E8B0A21F7A373500350FEB /* Sources */ = {
			isa = PBXSourcesBuildPhase;
			buildActionMask = 2147483647;
			files = (
				E9E8B0AB1F7A373500350FEB /* TextAppTests.m in Sources */,
			);
			runOnlyForDeploymentPostprocessing = 0;
		};
		E9E8B0AD1F7A373500350FEB /* Sources */ = {
			isa = PBXSourcesBuildPhase;
			buildActionMask = 2147483647;
			files = (
				E9E8B0B61F7A373500350FEB /* TextAppUITests.m in Sources */,
			);
			runOnlyForDeploymentPostprocessing = 0;
		};
/* End PBXSourcesBuildPhase section */

/* Begin PBXTargetDependency section */
		E9E8B0A81F7A373500350FEB /* PBXTargetDependency */ = {
			isa = PBXTargetDependency;
			target = E9E8B08D1F7A373500350FEB /* TextApp */;
			targetProxy = E9E8B0A71F7A373500350FEB /* PBXContainerItemProxy */;
		};
		E9E8B0B31F7A373500350FEB /* PBXTargetDependency */ = {
			isa = PBXTargetDependency;
			target = E9E8B08D1F7A373500350FEB /* TextApp */;
			targetProxy = E9E8B0B21F7A373500350FEB /* PBXContainerItemProxy */;
		};
/* End PBXTargetDependency section */

/* Begin PBXVariantGroup section */
		E9E8B0971F7A373500350FEB /* Main.storyboard */ = {
			isa = PBXVariantGroup;
			children = (
				E9E8B0981F7A373500350FEB /* Base */,
			);
			name = Main.storyboard;
			sourceTree = "<group>";
		};
		E9E8B09C1F7A373500350FEB /* LaunchScreen.storyboard */ = {
			isa = PBXVariantGroup;
			children = (
				E9E8B09D1F7A373500350FEB /* Base */,
			);
			name = LaunchScreen.storyboard;
			sourceTree = "<group>";
		};
/* End PBXVariantGroup section */

/* Begin XCBuildConfiguration section */
		E9E8B0B81F7A373500350FEB /* Debug */ = {
			isa = XCBuildConfiguration;
			buildSettings = {
				ALWAYS_SEARCH_USER_PATHS = NO;
				CLANG_ANALYZER_NONNULL = YES;
				CLANG_ANALYZER_NUMBER_OBJECT_CONVERSION = YES_AGGRESSIVE;
				CLANG_CXX_LANGUAGE_STANDARD = "gnu++14";
				CLANG_CXX_LIBRARY = "libc++";
				CLANG_ENABLE_MODULES = YES;
				CLANG_ENABLE_OBJC_ARC = YES;
				CLANG_WARN_BLOCK_CAPTURE_AUTORELEASING = YES;
				CLANG_WARN_BOOL_CONVERSION = YES;
				CLANG_WARN_COMMA = YES;
				CLANG_WARN_CONSTANT_CONVERSION = YES;
				CLANG_WARN_DIRECT_OBJC_ISA_USAGE = YES_ERROR;
				CLANG_WARN_DOCUMENTATION_COMMENTS = YES;
				CLANG_WARN_EMPTY_BODY = YES;
				CLANG_WARN_ENUM_CONVERSION = YES;
				CLANG_WARN_INFINITE_RECURSION = YES;
				CLANG_WARN_INT_CONVERSION = YES;
				CLANG_WARN_NON_LITERAL_NULL_CONVERSION = YES;
				CLANG_WARN_OBJC_LITERAL_CONVERSION = YES;
				CLANG_WARN_OBJC_ROOT_CLASS = YES_ERROR;
				CLANG_WARN_RANGE_LOOP_ANALYSIS = YES;
				CLANG_WARN_STRICT_PROTOTYPES = YES;
				CLANG_WARN_SUSPICIOUS_MOVE = YES;
				CLANG_WARN_UNGUARDED_AVAILABILITY = YES_AGGRESSIVE;
				CLANG_WARN_UNREACHABLE_CODE = YES;
				CLANG_WARN__DUPLICATE_METHOD_MATCH = YES;
				CODE_SIGN_IDENTITY = "iPhone Developer";
				COPY_PHASE_STRIP = NO;
				DEBUG_INFORMATION_FORMAT = dwarf;
				ENABLE_STRICT_OBJC_MSGSEND = YES;
				ENABLE_TESTABILITY = YES;
				GCC_C_LANGUAGE_STANDARD = gnu11;
				GCC_DYNAMIC_NO_PIC = NO;
				GCC_NO_COMMON_BLOCKS = YES;
				GCC_OPTIMIZATION_LEVEL = 0;
				GCC_PREPROCESSOR_DEFINITIONS = (
					"DEBUG=1",
					"$(inherited)",
				);
				GCC_WARN_64_TO_32_BIT_CONVERSION = YES;
				GCC_WARN_ABOUT_RETURN_TYPE = YES_ERROR;
				GCC_WARN_UNDECLARED_SELECTOR = YES;
				GCC_WARN_UNINITIALIZED_AUTOS = YES_AGGRESSIVE;
				GCC_WARN_UNUSED_FUNCTION = YES;
				GCC_WARN_UNUSED_VARIABLE = YES;
				IPHONEOS_DEPLOYMENT_TARGET = 11.0;
				MTL_ENABLE_DEBUG_INFO = YES;
				ONLY_ACTIVE_ARCH = YES;
				SDKROOT = iphoneos;
			};
			name = Debug;
		};
		E9E8B0B91F7A373500350FEB /* Release */ = {
			isa = XCBuildConfiguration;
			buildSettings = {
				ALWAYS_SEARCH_USER_PATHS = NO;
				CLANG_ANALYZER_NONNULL = YES;
				CLANG_ANALYZER_NUMBER_OBJECT_CONVERSION = YES_AGGRESSIVE;
				CLANG_CXX_LANGUAGE_STANDARD = "gnu++14";
				CLANG_CXX_LIBRARY = "libc++";
				CLANG_ENABLE_MODULES = YES;
				CLANG_ENABLE_OBJC_ARC = YES;
				CLANG_WARN_BLOCK_CAPTURE_AUTORELEASING = YES;
				CLANG_WARN_BOOL_CONVERSION = YES;
				CLANG_WARN_COMMA = YES;
				CLANG_WARN_CONSTANT_CONVERSION = YES;
				CLANG_WARN_DIRECT_OBJC_ISA_USAGE = YES_ERROR;
				CLANG_WARN_DOCUMENTATION_COMMENTS = YES;
				CLANG_WARN_EMPTY_BODY = YES;
				CLANG_WARN_ENUM_CONVERSION = YES;
				CLANG_WARN_INFINITE_RECURSION = YES;
				CLANG_WARN_INT_CONVERSION = YES;
				CLANG_WARN_NON_LITERAL_NULL_CONVERSION = YES;
				CLANG_WARN_OBJC_LITERAL_CONVERSION = YES;
				CLANG_WARN_OBJC_ROOT_CLASS = YES_ERROR;
				CLANG_WARN_RANGE_LOOP_ANALYSIS = YES;
				CLANG_WARN_STRICT_PROTOTYPES = YES;
				CLANG_WARN_SUSPICIOUS_MOVE = YES;
				CLANG_WARN_UNGUARDED_AVAILABILITY = YES_AGGRESSIVE;
				CLANG_WARN_UNREACHABLE_CODE = YES;
				CLANG_WARN__DUPLICATE_METHOD_MATCH = YES;
				CODE_SIGN_IDENTITY = "iPhone Developer";
				COPY_PHASE_STRIP = NO;
				DEBUG_INFORMATION_FORMAT = "dwarf-with-dsym";
				ENABLE_NS_ASSERTIONS = NO;
				ENABLE_STRICT_OBJC_MSGSEND = YES;
				GCC_C_LANGUAGE_STANDARD = gnu11;
				GCC_NO_COMMON_BLOCKS = YES;
				GCC_WARN_64_TO_32_BIT_CONVERSION = YES;
				GCC_WARN_ABOUT_RETURN_TYPE = YES_ERROR;
				GCC_WARN_UNDECLARED_SELECTOR = YES;
				GCC_WARN_UNINITIALIZED_AUTOS = YES_AGGRESSIVE;
				GCC_WARN_UNUSED_FUNCTION = YES;
				GCC_WARN_UNUSED_VARIABLE = YES;
				IPHONEOS_DEPLOYMENT_TARGET = 11.0;
				MTL_ENABLE_DEBUG_INFO = NO;
				SDKROOT = iphoneos;
				VALIDATE_PRODUCT = YES;
			};
			name = Release;
		};
		E9E8B0BB1F7A373500350FEB /* Debug */ = {
			isa = XCBuildConfiguration;
			baseConfigurationReference = C5CA56571BAE2F2E67ED160B /* Pods-TextApp.debug.xcconfig */;
			buildSettings = {
				ASSETCATALOG_COMPILER_APPICON_NAME = AppIcon;
				CODE_SIGN_STYLE = Automatic;
				INFOPLIST_FILE = TextApp/Info.plist;
				LD_RUNPATH_SEARCH_PATHS = "$(inherited) @executable_path/Frameworks";
				PRODUCT_BUNDLE_IDENTIFIER = lx.TextApp;
				PRODUCT_NAME = "$(TARGET_NAME)";
				TARGETED_DEVICE_FAMILY = "1,2";
			};
			name = Debug;
		};
		E9E8B0BC1F7A373500350FEB /* Release */ = {
			isa = XCBuildConfiguration;
			baseConfigurationReference = 59C4AD091697F47C5402B250 /* Pods-TextApp.release.xcconfig */;
			buildSettings = {
				ASSETCATALOG_COMPILER_APPICON_NAME = AppIcon;
				CODE_SIGN_STYLE = Automatic;
				INFOPLIST_FILE = TextApp/Info.plist;
				LD_RUNPATH_SEARCH_PATHS = "$(inherited) @executable_path/Frameworks";
				PRODUCT_BUNDLE_IDENTIFIER = lx.TextApp;
				PRODUCT_NAME = "$(TARGET_NAME)";
				TARGETED_DEVICE_FAMILY = "1,2";
			};
			name = Release;
		};
		E9E8B0BE1F7A373500350FEB /* Debug */ = {
			isa = XCBuildConfiguration;
			buildSettings = {
				BUNDLE_LOADER = "$(TEST_HOST)";
				CODE_SIGN_STYLE = Automatic;
				INFOPLIST_FILE = TextAppTests/Info.plist;
				LD_RUNPATH_SEARCH_PATHS = "$(inherited) @executable_path/Frameworks @loader_path/Frameworks";
				PRODUCT_BUNDLE_IDENTIFIER = lx.TextAppTests;
				PRODUCT_NAME = "$(TARGET_NAME)";
				TARGETED_DEVICE_FAMILY = "1,2";
				TEST_HOST = "$(BUILT_PRODUCTS_DIR)/TextApp.app/TextApp";
			};
			name = Debug;
		};
		E9E8B0BF1F7A373500350FEB /* Release */ = {
			isa = XCBuildConfiguration;
			buildSettings = {
				BUNDLE_LOADER = "$(TEST_HOST)";
				CODE_SIGN_STYLE = Automatic;
				INFOPLIST_FILE = TextAppTests/Info.plist;
				LD_RUNPATH_SEARCH_PATHS = "$(inherited) @executable_path/Frameworks @loader_path/Frameworks";
				PRODUCT_BUNDLE_IDENTIFIER = lx.TextAppTests;
				PRODUCT_NAME = "$(TARGET_NAME)";
				TARGETED_DEVICE_FAMILY = "1,2";
				TEST_HOST = "$(BUILT_PRODUCTS_DIR)/TextApp.app/TextApp";
			};
			name = Release;
		};
		E9E8B0C11F7A373500350FEB /* Debug */ = {
			isa = XCBuildConfiguration;
			buildSettings = {
				CODE_SIGN_STYLE = Automatic;
				INFOPLIST_FILE = TextAppUITests/Info.plist;
				LD_RUNPATH_SEARCH_PATHS = "$(inherited) @executable_path/Frameworks @loader_path/Frameworks";
				PRODUCT_BUNDLE_IDENTIFIER = lx.TextAppUITests;
				PRODUCT_NAME = "$(TARGET_NAME)";
				TARGETED_DEVICE_FAMILY = "1,2";
				TEST_TARGET_NAME = TextApp;
			};
			name = Debug;
		};
		E9E8B0C21F7A373500350FEB /* Release */ = {
			isa = XCBuildConfiguration;
			buildSettings = {
				CODE_SIGN_STYLE = Automatic;
				INFOPLIST_FILE = TextAppUITests/Info.plist;
				LD_RUNPATH_SEARCH_PATHS = "$(inherited) @executable_path/Frameworks @loader_path/Frameworks";
				PRODUCT_BUNDLE_IDENTIFIER = lx.TextAppUITests;
				PRODUCT_NAME = "$(TARGET_NAME)";
				TARGETED_DEVICE_FAMILY = "1,2";
				TEST_TARGET_NAME = TextApp;
			};
			name = Release;
		};
/* End XCBuildConfiguration section */

/* Begin XCConfigurationList section */
		E9E8B0891F7A373500350FEB /* Build configuration list for PBXProject "TextApp" */ = {
			isa = XCConfigurationList;
			buildConfigurations = (
				E9E8B0B81F7A373500350FEB /* Debug */,
				E9E8B0B91F7A373500350FEB /* Release */,
			);
			defaultConfigurationIsVisible = 0;
			defaultConfigurationName = Release;
		};
		E9E8B0BA1F7A373500350FEB /* Build configuration list for PBXNativeTarget "TextApp" */ = {
			isa = XCConfigurationList;
			buildConfigurations = (
				E9E8B0BB1F7A373500350FEB /* Debug */,
				E9E8B0BC1F7A373500350FEB /* Release */,
			);
			defaultConfigurationIsVisible = 0;
			defaultConfigurationName = Release;
		};
		E9E8B0BD1F7A373500350FEB /* Build configuration list for PBXNativeTarget "TextAppTests" */ = {
			isa = XCConfigurationList;
			buildConfigurations = (
				E9E8B0BE1F7A373500350FEB /* Debug */,
				E9E8B0BF1F7A373500350FEB /* Release */,
			);
			defaultConfigurationIsVisible = 0;
			defaultConfigurationName = Release;
		};
		E9E8B0C01F7A373500350FEB /* Build configuration list for PBXNativeTarget "TextAppUITests" */ = {
			isa = XCConfigurationList;
			buildConfigurations = (
				E9E8B0C11F7A373500350FEB /* Debug */,
				E9E8B0C21F7A373500350FEB /* Release */,
			);
			defaultConfigurationIsVisible = 0;
			defaultConfigurationName = Release;
		};
/* End XCConfigurationList section */
	};
	rootObject = E9E8B0861F7A373500350FEB /* Project object */;
}
